// !$*UTF8*$!
{
	archiveVersion = 1;
	classes = {
	};
	objectVersion = 46;
	objects = {

/* Begin PBXBuildFile section */
		F35CD6F11B3EB8130032E3A7 /* EngineSetup.c in Sources */ = {isa = PBXBuildFile; fileRef = F35CD6EF1B3EB8130032E3A7 /* EngineSetup.c */; };
		F35FBE341C75147000833474 /* Carbon.framework in Frameworks */ = {isa = PBXBuildFile; fileRef = F35FBE331C75147000833474 /* Carbon.framework */; };
		F37699781C10262400F24A44 /* ProjectExpressions.c in Sources */ = {isa = PBXBuildFile; fileRef = F37699771C10262400F24A44 /* ProjectExpressions.c */; };
		F3769A301C11F96A00F24A44 /* libglfw3.a in Frameworks */ = {isa = PBXBuildFile; fileRef = F3F5D6BC1A56FBDC006D7F16 /* libglfw3.a */; };
		F3769A311C11F98200F24A44 /* CoreVideo.framework in Frameworks */ = {isa = PBXBuildFile; fileRef = F3F5D6F81A5700B3006D7F16 /* CoreVideo.framework */; };
		F3769A321C11F98700F24A44 /* IOKit.framework in Frameworks */ = {isa = PBXBuildFile; fileRef = F3F5D6F61A5700AB006D7F16 /* IOKit.framework */; };
		F3769A331C11F99700F24A44 /* OpenGL.framework in Frameworks */ = {isa = PBXBuildFile; fileRef = F3F5D6F41A570099006D7F16 /* OpenGL.framework */; };
		F3897CAA1DD04ED0008D6C1D /* CommonGameKit.framework in Copy Frameworks */ = {isa = PBXBuildFile; fileRef = F3897C711DD04E93008D6C1D /* CommonGameKit.framework */; settings = {ATTRIBUTES = (CodeSignOnCopy, RemoveHeadersOnCopy, ); }; };
		F3897CAB1DD04EF9008D6C1D /* CommonGameKit.framework in Frameworks */ = {isa = PBXBuildFile; fileRef = F3897C711DD04E93008D6C1D /* CommonGameKit.framework */; };
		F3897CF61DD0792C008D6C1D /* CommonC.framework in Frameworks */ = {isa = PBXBuildFile; fileRef = F3897CF51DD0792C008D6C1D /* CommonC.framework */; };
		F3BD177C1C00DB5600B3849E /* ExpressionSetup.c in Sources */ = {isa = PBXBuildFile; fileRef = F3BD177A1C00DB5600B3849E /* ExpressionSetup.c */; };
		F3BD17851C00FDC200B3849E /* Configuration.c in Sources */ = {isa = PBXBuildFile; fileRef = F3BD17831C00FDC200B3849E /* Configuration.c */; };
		F3BD17BD1C02B67900B3849E /* Project.c in Sources */ = {isa = PBXBuildFile; fileRef = F3BD17BB1C02B67900B3849E /* Project.c */; };
		F3C222171C4AF6FD004ADC76 /* ExpressionProjectTests.m in Sources */ = {isa = PBXBuildFile; fileRef = F3C222161C4AF6FD004ADC76 /* ExpressionProjectTests.m */; };
		F3F5D6381A56E8B4006D7F16 /* Images.xcassets in Resources */ = {isa = PBXBuildFile; fileRef = F3F5D6341A56E8B4006D7F16 /* Images.xcassets */; };
		F3F5D6811A56F4A9006D7F16 /* main.c in Sources */ = {isa = PBXBuildFile; fileRef = F3F5D6801A56F4A9006D7F16 /* main.c */; };
		F3F5D6971A56F73E006D7F16 /* tinycthread.c in Sources */ = {isa = PBXBuildFile; fileRef = F3F5D6951A56F73E006D7F16 /* tinycthread.c */; };
		F3F5D6F11A56FC70006D7F16 /* libglfw3.a in Frameworks */ = {isa = PBXBuildFile; fileRef = F3F5D6BC1A56FBDC006D7F16 /* libglfw3.a */; };
		F3F5D6FA1A5700F3006D7F16 /* CoreVideo.framework in Frameworks */ = {isa = PBXBuildFile; fileRef = F3F5D6F81A5700B3006D7F16 /* CoreVideo.framework */; };
		F3F5D6FB1A5700F3006D7F16 /* IOKit.framework in Frameworks */ = {isa = PBXBuildFile; fileRef = F3F5D6F61A5700AB006D7F16 /* IOKit.framework */; };
		F3F5D6FC1A5700F3006D7F16 /* OpenGL.framework in Frameworks */ = {isa = PBXBuildFile; fileRef = F3F5D6F41A570099006D7F16 /* OpenGL.framework */; };
		F3F5D6FD1A5700F3006D7F16 /* Cocoa.framework in Frameworks */ = {isa = PBXBuildFile; fileRef = F3F5D6F21A570093006D7F16 /* Cocoa.framework */; };
		F3F6C4791A599A2300B9D6BA /* PlatformSetup_mac.m in Sources */ = {isa = PBXBuildFile; fileRef = F3F6C4781A599A2300B9D6BA /* PlatformSetup_mac.m */; };
/* End PBXBuildFile section */

/* Begin PBXContainerItemProxy section */
		F35FBE5A1C75147100833474 /* PBXContainerItemProxy */ = {
			isa = PBXContainerItemProxy;
			containerPortal = F3F5D6991A56FBDB006D7F16 /* GLFW.xcodeproj */;
			proxyType = 2;
			remoteGlobalIDString = 46C84B18AFF040DDA47FDB2D;
			remoteInfo = boing;
		};
		F35FBE5C1C75147100833474 /* PBXContainerItemProxy */ = {
			isa = PBXContainerItemProxy;
			containerPortal = F3F5D6991A56FBDB006D7F16 /* GLFW.xcodeproj */;
			proxyType = 2;
			remoteGlobalIDString = B9E5F44821CD484B99E6692C;
			remoteInfo = gears;
		};
		F35FBE5E1C75147100833474 /* PBXContainerItemProxy */ = {
			isa = PBXContainerItemProxy;
			containerPortal = F3F5D6991A56FBDB006D7F16 /* GLFW.xcodeproj */;
			proxyType = 2;
			remoteGlobalIDString = A6BFC39954584C14BDDF693F;
			remoteInfo = heightmap;
		};
		F35FBE601C75147100833474 /* PBXContainerItemProxy */ = {
			isa = PBXContainerItemProxy;
			containerPortal = F3F5D6991A56FBDB006D7F16 /* GLFW.xcodeproj */;
			proxyType = 2;
			remoteGlobalIDString = 438868970FA44A94829CBBE2;
			remoteInfo = particles;
		};
		F35FBE621C75147100833474 /* PBXContainerItemProxy */ = {
			isa = PBXContainerItemProxy;
			containerPortal = F3F5D6991A56FBDB006D7F16 /* GLFW.xcodeproj */;
			proxyType = 2;
			remoteGlobalIDString = 930301C7A1C548DFB620B650;
			remoteInfo = simple;
		};
		F35FBE641C75147100833474 /* PBXContainerItemProxy */ = {
			isa = PBXContainerItemProxy;
			containerPortal = F3F5D6991A56FBDB006D7F16 /* GLFW.xcodeproj */;
			proxyType = 2;
			remoteGlobalIDString = 1B82EEB390084885A719CCC2;
			remoteInfo = splitview;
		};
		F35FBE661C75147100833474 /* PBXContainerItemProxy */ = {
			isa = PBXContainerItemProxy;
			containerPortal = F3F5D6991A56FBDB006D7F16 /* GLFW.xcodeproj */;
			proxyType = 2;
			remoteGlobalIDString = DC2FC4F2B7814E069DB6D0DA;
			remoteInfo = wave;
		};
		F35FBE681C75147100833474 /* PBXContainerItemProxy */ = {
			isa = PBXContainerItemProxy;
			containerPortal = F3F5D6991A56FBDB006D7F16 /* GLFW.xcodeproj */;
			proxyType = 2;
			remoteGlobalIDString = 67374FCDE69C41288520A197;
			remoteInfo = monitors;
		};
		F35FBE6A1C75147100833474 /* PBXContainerItemProxy */ = {
			isa = PBXContainerItemProxy;
			containerPortal = F3F5D6991A56FBDB006D7F16 /* GLFW.xcodeproj */;
			proxyType = 2;
			remoteGlobalIDString = A8715DFE24F44D049FBE0525;
			remoteInfo = msaa;
		};
		F3897C701DD04E93008D6C1D /* PBXContainerItemProxy */ = {
			isa = PBXContainerItemProxy;
			containerPortal = F3897C5D1DD04E92008D6C1D /* CommonGameKit.xcodeproj */;
			proxyType = 2;
			remoteGlobalIDString = F3AF32791DCCD29000CAD472;
			remoteInfo = CommonGameKit;
		};
		F3897C721DD04E93008D6C1D /* PBXContainerItemProxy */ = {
			isa = PBXContainerItemProxy;
			containerPortal = F3897C5D1DD04E92008D6C1D /* CommonGameKit.xcodeproj */;
			proxyType = 2;
			remoteGlobalIDString = F3AF32831DCCD29100CAD472;
			remoteInfo = CommonGameKitTests;
		};
		F3897CAC1DD04F18008D6C1D /* PBXContainerItemProxy */ = {
			isa = PBXContainerItemProxy;
			containerPortal = F3897C5D1DD04E92008D6C1D /* CommonGameKit.xcodeproj */;
			proxyType = 1;
			remoteGlobalIDString = F3AF32781DCCD29000CAD472;
			remoteInfo = CommonGameKit;
		};
		F3C401EA1A56E52800095ECD /* PBXContainerItemProxy */ = {
			isa = PBXContainerItemProxy;
			containerPortal = F3C401CE1A56E52800095ECD /* Project object */;
			proxyType = 1;
			remoteGlobalIDString = F3C401D51A56E52800095ECD;
			remoteInfo = "Blob Game";
		};
		F3F5D6BB1A56FBDC006D7F16 /* PBXContainerItemProxy */ = {
			isa = PBXContainerItemProxy;
			containerPortal = F3F5D6991A56FBDB006D7F16 /* GLFW.xcodeproj */;
			proxyType = 2;
			remoteGlobalIDString = 09146205B4F34575B5E08051;
			remoteInfo = glfw;
		};
		F3F5D6CB1A56FBDC006D7F16 /* PBXContainerItemProxy */ = {
			isa = PBXContainerItemProxy;
			containerPortal = F3F5D6991A56FBDB006D7F16 /* GLFW.xcodeproj */;
			proxyType = 2;
			remoteGlobalIDString = DFF4AAA81AC04738BBF9E59F;
			remoteInfo = clipboard;
		};
		F3F5D6CD1A56FBDC006D7F16 /* PBXContainerItemProxy */ = {
			isa = PBXContainerItemProxy;
			containerPortal = F3F5D6991A56FBDB006D7F16 /* GLFW.xcodeproj */;
			proxyType = 2;
			remoteGlobalIDString = D7C8688816A34FCD912CC3AB;
			remoteInfo = cursor;
		};
		F3F5D6D31A56FBDC006D7F16 /* PBXContainerItemProxy */ = {
			isa = PBXContainerItemProxy;
			containerPortal = F3F5D6991A56FBDB006D7F16 /* GLFW.xcodeproj */;
			proxyType = 2;
			remoteGlobalIDString = 260E3C9854F94605B3002327;
			remoteInfo = empty;
		};
		F3F5D6D51A56FBDC006D7F16 /* PBXContainerItemProxy */ = {
			isa = PBXContainerItemProxy;
			containerPortal = F3F5D6991A56FBDB006D7F16 /* GLFW.xcodeproj */;
			proxyType = 2;
			remoteGlobalIDString = 6DDCB2F5275C47B9AC326DCA;
			remoteInfo = events;
		};
		F3F5D6D91A56FBDC006D7F16 /* PBXContainerItemProxy */ = {
			isa = PBXContainerItemProxy;
			containerPortal = F3F5D6991A56FBDB006D7F16 /* GLFW.xcodeproj */;
			proxyType = 2;
			remoteGlobalIDString = BA8A4EA502E8493F81083006;
			remoteInfo = gamma;
		};
		F3F5D6DB1A56FBDC006D7F16 /* PBXContainerItemProxy */ = {
			isa = PBXContainerItemProxy;
			containerPortal = F3F5D6991A56FBDB006D7F16 /* GLFW.xcodeproj */;
			proxyType = 2;
			remoteGlobalIDString = 9BB1DCE7092241829F49C659;
			remoteInfo = glfwinfo;
		};
		F3F5D6DD1A56FBDC006D7F16 /* PBXContainerItemProxy */ = {
			isa = PBXContainerItemProxy;
			containerPortal = F3F5D6991A56FBDB006D7F16 /* GLFW.xcodeproj */;
			proxyType = 2;
			remoteGlobalIDString = 47F0609E9E2D46F28AC750DD;
			remoteInfo = iconify;
		};
		F3F5D6DF1A56FBDC006D7F16 /* PBXContainerItemProxy */ = {
			isa = PBXContainerItemProxy;
			containerPortal = F3F5D6991A56FBDB006D7F16 /* GLFW.xcodeproj */;
			proxyType = 2;
			remoteGlobalIDString = F0FBA2195E3A40CAA7EFF060;
			remoteInfo = joysticks;
		};
		F3F5D6E51A56FBDC006D7F16 /* PBXContainerItemProxy */ = {
			isa = PBXContainerItemProxy;
			containerPortal = F3F5D6991A56FBDB006D7F16 /* GLFW.xcodeproj */;
			proxyType = 2;
			remoteGlobalIDString = DD13D92482A04730A81F17DA;
			remoteInfo = reopen;
		};
		F3F5D6E71A56FBDC006D7F16 /* PBXContainerItemProxy */ = {
			isa = PBXContainerItemProxy;
			containerPortal = F3F5D6991A56FBDB006D7F16 /* GLFW.xcodeproj */;
			proxyType = 2;
			remoteGlobalIDString = A158F1A9FA9C40ACA7530300;
			remoteInfo = sharing;
		};
		F3F5D6E91A56FBDC006D7F16 /* PBXContainerItemProxy */ = {
			isa = PBXContainerItemProxy;
			containerPortal = F3F5D6991A56FBDB006D7F16 /* GLFW.xcodeproj */;
			proxyType = 2;
			remoteGlobalIDString = 969FF7B00CD345459B9B4490;
			remoteInfo = tearing;
		};
		F3F5D6EB1A56FBDC006D7F16 /* PBXContainerItemProxy */ = {
			isa = PBXContainerItemProxy;
			containerPortal = F3F5D6991A56FBDB006D7F16 /* GLFW.xcodeproj */;
			proxyType = 2;
			remoteGlobalIDString = A6A98981E90C46A6B805AB15;
			remoteInfo = threads;
		};
		F3F5D6ED1A56FBDC006D7F16 /* PBXContainerItemProxy */ = {
			isa = PBXContainerItemProxy;
			containerPortal = F3F5D6991A56FBDB006D7F16 /* GLFW.xcodeproj */;
			proxyType = 2;
			remoteGlobalIDString = 70E8236E0B734AA6B8C19894;
			remoteInfo = title;
		};
		F3F5D6EF1A56FBDC006D7F16 /* PBXContainerItemProxy */ = {
			isa = PBXContainerItemProxy;
			containerPortal = F3F5D6991A56FBDB006D7F16 /* GLFW.xcodeproj */;
			proxyType = 2;
			remoteGlobalIDString = 65C0D30E55E6498199FB5C4F;
			remoteInfo = windows;
		};
/* End PBXContainerItemProxy section */

/* Begin PBXCopyFilesBuildPhase section */
		F39E23C51BFF63D600DB0B71 /* Copy Frameworks */ = {
			isa = PBXCopyFilesBuildPhase;
			buildActionMask = 2147483647;
			dstPath = "";
			dstSubfolderSpec = 10;
			files = (
				F3897CAA1DD04ED0008D6C1D /* CommonGameKit.framework in Copy Frameworks */,
			);
			name = "Copy Frameworks";
			runOnlyForDeploymentPostprocessing = 0;
		};
/* End PBXCopyFilesBuildPhase section */

/* Begin PBXFileReference section */
		F358D60F1C0BF39800FC10F1 /* ProjectExpressions.h */ = {isa = PBXFileReference; lastKnownFileType = sourcecode.c.h; path = ProjectExpressions.h; sourceTree = "<group>"; };
		F35CD6EF1B3EB8130032E3A7 /* EngineSetup.c */ = {isa = PBXFileReference; fileEncoding = 4; lastKnownFileType = sourcecode.c.c; path = EngineSetup.c; sourceTree = "<group>"; };
		F35CD6F01B3EB8130032E3A7 /* EngineSetup.h */ = {isa = PBXFileReference; fileEncoding = 4; lastKnownFileType = sourcecode.c.h; path = EngineSetup.h; sourceTree = "<group>"; };
		F35FBE331C75147000833474 /* Carbon.framework */ = {isa = PBXFileReference; lastKnownFileType = wrapper.framework; name = Carbon.framework; path = System/Library/Frameworks/Carbon.framework; sourceTree = SDKROOT; };
		F37699771C10262400F24A44 /* ProjectExpressions.c */ = {isa = PBXFileReference; fileEncoding = 4; lastKnownFileType = sourcecode.c.c; path = ProjectExpressions.c; sourceTree = "<group>"; };
		F3897C5D1DD04E92008D6C1D /* CommonGameKit.xcodeproj */ = {isa = PBXFileReference; lastKnownFileType = "wrapper.pb-project"; name = CommonGameKit.xcodeproj; path = deps/CommonGameKit/CommonGameKit.xcodeproj; sourceTree = "<group>"; };
		F3897CF51DD0792C008D6C1D /* CommonC.framework */ = {isa = PBXFileReference; lastKnownFileType = wrapper.framework; name = CommonC.framework; path = "../../../../../Library/Developer/Xcode/DerivedData/Blob_Game-ftdhpyeuunmhwldillzwkfrvitku/Build/Products/Debug/CommonC.framework"; sourceTree = "<group>"; };
		F3BD177A1C00DB5600B3849E /* ExpressionSetup.c */ = {isa = PBXFileReference; fileEncoding = 4; lastKnownFileType = sourcecode.c.c; path = ExpressionSetup.c; sourceTree = "<group>"; };
		F3BD177B1C00DB5600B3849E /* ExpressionSetup.h */ = {isa = PBXFileReference; fileEncoding = 4; lastKnownFileType = sourcecode.c.h; path = ExpressionSetup.h; sourceTree = "<group>"; };
		F3BD17831C00FDC200B3849E /* Configuration.c */ = {isa = PBXFileReference; fileEncoding = 4; lastKnownFileType = sourcecode.c.c; path = Configuration.c; sourceTree = "<group>"; };
		F3BD17841C00FDC200B3849E /* Configuration.h */ = {isa = PBXFileReference; fileEncoding = 4; lastKnownFileType = sourcecode.c.h; path = Configuration.h; sourceTree = "<group>"; };
		F3BD17BB1C02B67900B3849E /* Project.c */ = {isa = PBXFileReference; fileEncoding = 4; lastKnownFileType = sourcecode.c.c; path = Project.c; sourceTree = "<group>"; };
		F3BD17BC1C02B67900B3849E /* Project.h */ = {isa = PBXFileReference; fileEncoding = 4; lastKnownFileType = sourcecode.c.h; path = Project.h; sourceTree = "<group>"; };
		F3C222161C4AF6FD004ADC76 /* ExpressionProjectTests.m */ = {isa = PBXFileReference; fileEncoding = 4; lastKnownFileType = sourcecode.c.objc; path = ExpressionProjectTests.m; sourceTree = "<group>"; };
		F3C401D61A56E52800095ECD /* Blob Game.app */ = {isa = PBXFileReference; explicitFileType = wrapper.application; includeInIndex = 0; path = "Blob Game.app"; sourceTree = BUILT_PRODUCTS_DIR; };
		F3C401E91A56E52800095ECD /* Blob GameTests.xctest */ = {isa = PBXFileReference; explicitFileType = wrapper.cfbundle; includeInIndex = 0; path = "Blob GameTests.xctest"; sourceTree = BUILT_PRODUCTS_DIR; };
		F3C401EE1A56E52800095ECD /* Info.plist */ = {isa = PBXFileReference; lastKnownFileType = text.plist.xml; path = Info.plist; sourceTree = "<group>"; };
		F3E84D821B45A51F0082E510 /* Window.h */ = {isa = PBXFileReference; lastKnownFileType = sourcecode.c.h; path = Window.h; sourceTree = "<group>"; };
		F3F5D6341A56E8B4006D7F16 /* Images.xcassets */ = {isa = PBXFileReference; lastKnownFileType = folder.assetcatalog; name = Images.xcassets; path = src/mac/Images.xcassets; sourceTree = SOURCE_ROOT; };
		F3F5D6351A56E8B4006D7F16 /* Info.plist */ = {isa = PBXFileReference; fileEncoding = 4; lastKnownFileType = text.plist.xml; name = Info.plist; path = src/mac/Info.plist; sourceTree = SOURCE_ROOT; };
		F3F5D6801A56F4A9006D7F16 /* main.c */ = {isa = PBXFileReference; fileEncoding = 4; lastKnownFileType = sourcecode.c.c; name = main.c; path = src/main.c; sourceTree = SOURCE_ROOT; };
		F3F5D6951A56F73E006D7F16 /* tinycthread.c */ = {isa = PBXFileReference; fileEncoding = 4; lastKnownFileType = sourcecode.c.c; name = tinycthread.c; path = deps/tinycthread/source/tinycthread.c; sourceTree = SOURCE_ROOT; };
		F3F5D6961A56F73E006D7F16 /* tinycthread.h */ = {isa = PBXFileReference; fileEncoding = 4; lastKnownFileType = sourcecode.c.h; name = tinycthread.h; path = deps/tinycthread/source/tinycthread.h; sourceTree = SOURCE_ROOT; };
		F3F5D6991A56FBDB006D7F16 /* GLFW.xcodeproj */ = {isa = PBXFileReference; lastKnownFileType = "wrapper.pb-project"; name = GLFW.xcodeproj; path = deps/glfw/build/GLFW.xcodeproj; sourceTree = "<group>"; };
		F3F5D6F21A570093006D7F16 /* Cocoa.framework */ = {isa = PBXFileReference; lastKnownFileType = wrapper.framework; name = Cocoa.framework; path = System/Library/Frameworks/Cocoa.framework; sourceTree = SDKROOT; };
		F3F5D6F41A570099006D7F16 /* OpenGL.framework */ = {isa = PBXFileReference; lastKnownFileType = wrapper.framework; name = OpenGL.framework; path = System/Library/Frameworks/OpenGL.framework; sourceTree = SDKROOT; };
		F3F5D6F61A5700AB006D7F16 /* IOKit.framework */ = {isa = PBXFileReference; lastKnownFileType = wrapper.framework; name = IOKit.framework; path = System/Library/Frameworks/IOKit.framework; sourceTree = SDKROOT; };
		F3F5D6F81A5700B3006D7F16 /* CoreVideo.framework */ = {isa = PBXFileReference; lastKnownFileType = wrapper.framework; name = CoreVideo.framework; path = System/Library/Frameworks/CoreVideo.framework; sourceTree = SDKROOT; };
		F3F696A61A5C8E3800E486B5 /* stdatomic_clang.h */ = {isa = PBXFileReference; lastKnownFileType = sourcecode.c.h; name = stdatomic_clang.h; path = deps/stdatomic/stdatomic_clang.h; sourceTree = SOURCE_ROOT; };
		F3F696A71A5C8E3800E486B5 /* stdatomic_portable.h */ = {isa = PBXFileReference; lastKnownFileType = sourcecode.c.h; name = stdatomic_portable.h; path = deps/stdatomic/stdatomic_portable.h; sourceTree = SOURCE_ROOT; };
		F3F6C4781A599A2300B9D6BA /* PlatformSetup_mac.m */ = {isa = PBXFileReference; fileEncoding = 4; lastKnownFileType = sourcecode.c.objc; path = PlatformSetup_mac.m; sourceTree = "<group>"; };
		F3F6C4A41A599A6200B9D6BA /* PlatformSetup.h */ = {isa = PBXFileReference; lastKnownFileType = sourcecode.c.h; path = PlatformSetup.h; sourceTree = "<group>"; };
		F3F6C4A61A599DB700B9D6BA /* PlatformSetup_win.c */ = {isa = PBXFileReference; fileEncoding = 4; lastKnownFileType = sourcecode.c.c; path = PlatformSetup_win.c; sourceTree = "<group>"; };
		F3F6C4AA1A599DF800B9D6BA /* PlatformSetup_linux.c */ = {isa = PBXFileReference; fileEncoding = 4; lastKnownFileType = sourcecode.c.c; path = PlatformSetup_linux.c; sourceTree = "<group>"; };
		F3FF25311A58418800E437EB /* stdatomic.h */ = {isa = PBXFileReference; lastKnownFileType = sourcecode.c.h; name = stdatomic.h; path = deps/stdatomic/stdatomic.h; sourceTree = SOURCE_ROOT; };
/* End PBXFileReference section */

/* Begin PBXFrameworksBuildPhase section */
		F3C401D31A56E52800095ECD /* Frameworks */ = {
			isa = PBXFrameworksBuildPhase;
			buildActionMask = 2147483647;
			files = (
				F3897CF61DD0792C008D6C1D /* CommonC.framework in Frameworks */,
				F35FBE341C75147000833474 /* Carbon.framework in Frameworks */,
				F3F5D6FA1A5700F3006D7F16 /* CoreVideo.framework in Frameworks */,
				F3F5D6FB1A5700F3006D7F16 /* IOKit.framework in Frameworks */,
				F3F5D6FC1A5700F3006D7F16 /* OpenGL.framework in Frameworks */,
				F3F5D6FD1A5700F3006D7F16 /* Cocoa.framework in Frameworks */,
				F3F5D6F11A56FC70006D7F16 /* libglfw3.a in Frameworks */,
				F3897CAB1DD04EF9008D6C1D /* CommonGameKit.framework in Frameworks */,
			);
			runOnlyForDeploymentPostprocessing = 0;
		};
		F3C401E61A56E52800095ECD /* Frameworks */ = {
			isa = PBXFrameworksBuildPhase;
			buildActionMask = 2147483647;
			files = (
				F3769A331C11F99700F24A44 /* OpenGL.framework in Frameworks */,
				F3769A321C11F98700F24A44 /* IOKit.framework in Frameworks */,
				F3769A311C11F98200F24A44 /* CoreVideo.framework in Frameworks */,
				F3769A301C11F96A00F24A44 /* libglfw3.a in Frameworks */,
			);
			runOnlyForDeploymentPostprocessing = 0;
		};
/* End PBXFrameworksBuildPhase section */

/* Begin PBXGroup section */
		F3150ED61C47C28400E1FC82 /* Scripting */ = {
			isa = PBXGroup;
			children = (
				F3C222161C4AF6FD004ADC76 /* ExpressionProjectTests.m */,
			);
			name = Scripting;
			sourceTree = "<group>";
		};
		F3897C5E1DD04E92008D6C1D /* Products */ = {
			isa = PBXGroup;
			children = (
				F3897C711DD04E93008D6C1D /* CommonGameKit.framework */,
				F3897C731DD04E93008D6C1D /* CommonGameKitTests.xctest */,
			);
			name = Products;
			sourceTree = "<group>";
		};
		F3BD17481C00845D00B3849E /* Scripting */ = {
			isa = PBXGroup;
			children = (
				F3BD17751C00B33800B3849E /* Evaluators */,
			);
			name = Scripting;
			path = scripting;
			sourceTree = "<group>";
		};
		F3BD17751C00B33800B3849E /* Evaluators */ = {
			isa = PBXGroup;
			children = (
				F358D60F1C0BF39800FC10F1 /* ProjectExpressions.h */,
				F37699771C10262400F24A44 /* ProjectExpressions.c */,
			);
			name = Evaluators;
			path = evaluators;
			sourceTree = "<group>";
		};
		F3BD17BA1C02B62100B3849E /* Engine */ = {
			isa = PBXGroup;
			children = (
				F3BD17BC1C02B67900B3849E /* Project.h */,
				F3BD17BB1C02B67900B3849E /* Project.c */,
			);
			name = Engine;
			path = engine;
			sourceTree = "<group>";
		};
		F3C401CD1A56E52800095ECD = {
			isa = PBXGroup;
			children = (
				F3F5D6911A56F723006D7F16 /* dependencies */,
				F3C401D81A56E52800095ECD /* Blob Game */,
				F3C401EC1A56E52800095ECD /* Blob GameTests */,
				F3C401D71A56E52800095ECD /* Products */,
			);
			sourceTree = "<group>";
		};
		F3C401D71A56E52800095ECD /* Products */ = {
			isa = PBXGroup;
			children = (
				F3C401D61A56E52800095ECD /* Blob Game.app */,
				F3C401E91A56E52800095ECD /* Blob GameTests.xctest */,
			);
			name = Products;
			sourceTree = "<group>";
		};
		F3C401D81A56E52800095ECD /* Blob Game */ = {
			isa = PBXGroup;
			children = (
				F3F5D6801A56F4A9006D7F16 /* main.c */,
				F3E84D821B45A51F0082E510 /* Window.h */,
				F3BD17BA1C02B62100B3849E /* Engine */,
				F3BD17481C00845D00B3849E /* Scripting */,
				F3F6C4A31A599A3C00B9D6BA /* Setup */,
				F3C401D91A56E52800095ECD /* Supporting Files */,
			);
			name = "Blob Game";
			path = src;
			sourceTree = "<group>";
		};
		F3C401D91A56E52800095ECD /* Supporting Files */ = {
			isa = PBXGroup;
			children = (
				F3F5D6341A56E8B4006D7F16 /* Images.xcassets */,
				F3F5D6351A56E8B4006D7F16 /* Info.plist */,
			);
			name = "Supporting Files";
			sourceTree = "<group>";
		};
		F3C401EC1A56E52800095ECD /* Blob GameTests */ = {
			isa = PBXGroup;
			children = (
				F3150ED61C47C28400E1FC82 /* Scripting */,
				F3C401ED1A56E52800095ECD /* Supporting Files */,
			);
			path = "Blob GameTests";
			sourceTree = "<group>";
		};
		F3C401ED1A56E52800095ECD /* Supporting Files */ = {
			isa = PBXGroup;
			children = (
				F3C401EE1A56E52800095ECD /* Info.plist */,
			);
			name = "Supporting Files";
			sourceTree = "<group>";
		};
		F3F5D6901A56F714006D7F16 /* tinycthread */ = {
			isa = PBXGroup;
			children = (
				F3F5D6951A56F73E006D7F16 /* tinycthread.c */,
				F3F5D6961A56F73E006D7F16 /* tinycthread.h */,
			);
			name = tinycthread;
			path = "Blob Game";
			sourceTree = "<group>";
		};
		F3F5D6911A56F723006D7F16 /* dependencies */ = {
			isa = PBXGroup;
			children = (
				F3897C5D1DD04E92008D6C1D /* CommonGameKit.xcodeproj */,
				F3897CF51DD0792C008D6C1D /* CommonC.framework */,
				F35FBE331C75147000833474 /* Carbon.framework */,
				F3F5D6F81A5700B3006D7F16 /* CoreVideo.framework */,
				F3F5D6F61A5700AB006D7F16 /* IOKit.framework */,
				F3F5D6F41A570099006D7F16 /* OpenGL.framework */,
				F3F5D6F21A570093006D7F16 /* Cocoa.framework */,
				F3F5D6991A56FBDB006D7F16 /* GLFW.xcodeproj */,
				F3F5D6981A56FA05006D7F16 /* stdatomic */,
				F3F5D6901A56F714006D7F16 /* tinycthread */,
			);
			name = dependencies;
			sourceTree = "<group>";
		};
		F3F5D6981A56FA05006D7F16 /* stdatomic */ = {
			isa = PBXGroup;
			children = (
				F3FF25311A58418800E437EB /* stdatomic.h */,
				F3F696A61A5C8E3800E486B5 /* stdatomic_clang.h */,
				F3F696A71A5C8E3800E486B5 /* stdatomic_portable.h */,
			);
			name = stdatomic;
			path = "Blob Game";
			sourceTree = "<group>";
		};
		F3F5D69A1A56FBDB006D7F16 /* Products */ = {
			isa = PBXGroup;
			children = (
				F3F5D6BC1A56FBDC006D7F16 /* libglfw3.a */,
				F35FBE5B1C75147100833474 /* boing.app */,
				F35FBE5D1C75147100833474 /* gears.app */,
				F35FBE5F1C75147100833474 /* heightmap.app */,
				F35FBE611C75147100833474 /* particles.app */,
				F35FBE631C75147100833474 /* simple.app */,
				F35FBE651C75147100833474 /* splitview.app */,
				F35FBE671C75147100833474 /* wave.app */,
				F3F5D6CC1A56FBDC006D7F16 /* clipboard */,
				F3F5D6CE1A56FBDC006D7F16 /* cursor */,
				F3F5D6D41A56FBDC006D7F16 /* empty.app */,
				F3F5D6D61A56FBDC006D7F16 /* events */,
				F3F5D6DA1A56FBDC006D7F16 /* gamma */,
				F3F5D6DC1A56FBDC006D7F16 /* glfwinfo */,
				F3F5D6DE1A56FBDC006D7F16 /* iconify */,
				F3F5D6E01A56FBDC006D7F16 /* joysticks */,
				F35FBE691C75147100833474 /* monitors */,
				F35FBE6B1C75147100833474 /* msaa */,
				F3F5D6E61A56FBDC006D7F16 /* reopen */,
				F3F5D6E81A56FBDC006D7F16 /* sharing.app */,
				F3F5D6EA1A56FBDC006D7F16 /* tearing.app */,
				F3F5D6EC1A56FBDC006D7F16 /* threads.app */,
				F3F5D6EE1A56FBDC006D7F16 /* title.app */,
				F3F5D6F01A56FBDC006D7F16 /* windows.app */,
			);
			name = Products;
			sourceTree = "<group>";
		};
		F3F6C4A31A599A3C00B9D6BA /* Setup */ = {
			isa = PBXGroup;
			children = (
				F3F6C4A41A599A6200B9D6BA /* PlatformSetup.h */,
				F3F6C4781A599A2300B9D6BA /* PlatformSetup_mac.m */,
				F3F6C4A61A599DB700B9D6BA /* PlatformSetup_win.c */,
				F3F6C4AA1A599DF800B9D6BA /* PlatformSetup_linux.c */,
				F35CD6F01B3EB8130032E3A7 /* EngineSetup.h */,
				F35CD6EF1B3EB8130032E3A7 /* EngineSetup.c */,
				F3BD177B1C00DB5600B3849E /* ExpressionSetup.h */,
				F3BD177A1C00DB5600B3849E /* ExpressionSetup.c */,
				F3BD17841C00FDC200B3849E /* Configuration.h */,
				F3BD17831C00FDC200B3849E /* Configuration.c */,
			);
			name = Setup;
			path = setup;
			sourceTree = "<group>";
		};
/* End PBXGroup section */

/* Begin PBXNativeTarget section */
		F3C401D51A56E52800095ECD /* Blob Game */ = {
			isa = PBXNativeTarget;
			buildConfigurationList = F3C401F31A56E52800095ECD /* Build configuration list for PBXNativeTarget "Blob Game" */;
			buildPhases = (
				F3C401D21A56E52800095ECD /* Sources */,
				F3C401D31A56E52800095ECD /* Frameworks */,
				F3C401D41A56E52800095ECD /* Resources */,
				F39E23C51BFF63D600DB0B71 /* Copy Frameworks */,
				F39E26721BFF6FD300DB0B71 /* Update DYLIB install names */,
			);
			buildRules = (
			);
			dependencies = (
				F3897CAD1DD04F18008D6C1D /* PBXTargetDependency */,
			);
			name = "Blob Game";
			productName = "Blob Game";
			productReference = F3C401D61A56E52800095ECD /* Blob Game.app */;
			productType = "com.apple.product-type.application";
		};
		F3C401E81A56E52800095ECD /* Blob GameTests */ = {
			isa = PBXNativeTarget;
			buildConfigurationList = F3C401F61A56E52800095ECD /* Build configuration list for PBXNativeTarget "Blob GameTests" */;
			buildPhases = (
				F3C401E51A56E52800095ECD /* Sources */,
				F3C401E61A56E52800095ECD /* Frameworks */,
				F3C401E71A56E52800095ECD /* Resources */,
			);
			buildRules = (
			);
			dependencies = (
				F3C401EB1A56E52800095ECD /* PBXTargetDependency */,
			);
			name = "Blob GameTests";
			productName = "Blob GameTests";
			productReference = F3C401E91A56E52800095ECD /* Blob GameTests.xctest */;
			productType = "com.apple.product-type.bundle.unit-test";
		};
/* End PBXNativeTarget section */

/* Begin PBXProject section */
		F3C401CE1A56E52800095ECD /* Project object */ = {
			isa = PBXProject;
			attributes = {
				LastUpgradeCheck = 0700;
				ORGANIZATIONNAME = "Stefan Johnson";
				TargetAttributes = {
					F3C401D51A56E52800095ECD = {
						CreatedOnToolsVersion = 6.1.1;
					};
					F3C401E81A56E52800095ECD = {
						CreatedOnToolsVersion = 6.1.1;
						TestTargetID = F3C401D51A56E52800095ECD;
					};
				};
			};
			buildConfigurationList = F3C401D11A56E52800095ECD /* Build configuration list for PBXProject "Blob Game" */;
			compatibilityVersion = "Xcode 3.2";
			developmentRegion = English;
			hasScannedForEncodings = 0;
			knownRegions = (
				en,
				Base,
			);
			mainGroup = F3C401CD1A56E52800095ECD;
			productRefGroup = F3C401D71A56E52800095ECD /* Products */;
			projectDirPath = "";
			projectReferences = (
				{
					ProductGroup = F3897C5E1DD04E92008D6C1D /* Products */;
					ProjectRef = F3897C5D1DD04E92008D6C1D /* CommonGameKit.xcodeproj */;
				},
				{
					ProductGroup = F3F5D69A1A56FBDB006D7F16 /* Products */;
					ProjectRef = F3F5D6991A56FBDB006D7F16 /* GLFW.xcodeproj */;
				},
			);
			projectRoot = "";
			targets = (
				F3C401D51A56E52800095ECD /* Blob Game */,
				F3C401E81A56E52800095ECD /* Blob GameTests */,
			);
		};
/* End PBXProject section */

/* Begin PBXReferenceProxy section */
		F35FBE5B1C75147100833474 /* boing.app */ = {
			isa = PBXReferenceProxy;
			fileType = wrapper.application;
			path = boing.app;
			remoteRef = F35FBE5A1C75147100833474 /* PBXContainerItemProxy */;
			sourceTree = BUILT_PRODUCTS_DIR;
		};
		F35FBE5D1C75147100833474 /* gears.app */ = {
			isa = PBXReferenceProxy;
			fileType = wrapper.application;
			path = gears.app;
			remoteRef = F35FBE5C1C75147100833474 /* PBXContainerItemProxy */;
			sourceTree = BUILT_PRODUCTS_DIR;
		};
		F35FBE5F1C75147100833474 /* heightmap.app */ = {
			isa = PBXReferenceProxy;
			fileType = wrapper.application;
			path = heightmap.app;
			remoteRef = F35FBE5E1C75147100833474 /* PBXContainerItemProxy */;
			sourceTree = BUILT_PRODUCTS_DIR;
		};
		F35FBE611C75147100833474 /* particles.app */ = {
			isa = PBXReferenceProxy;
			fileType = wrapper.application;
			path = particles.app;
			remoteRef = F35FBE601C75147100833474 /* PBXContainerItemProxy */;
			sourceTree = BUILT_PRODUCTS_DIR;
		};
		F35FBE631C75147100833474 /* simple.app */ = {
			isa = PBXReferenceProxy;
			fileType = wrapper.application;
			path = simple.app;
			remoteRef = F35FBE621C75147100833474 /* PBXContainerItemProxy */;
			sourceTree = BUILT_PRODUCTS_DIR;
		};
		F35FBE651C75147100833474 /* splitview.app */ = {
			isa = PBXReferenceProxy;
			fileType = wrapper.application;
			path = splitview.app;
			remoteRef = F35FBE641C75147100833474 /* PBXContainerItemProxy */;
			sourceTree = BUILT_PRODUCTS_DIR;
		};
		F35FBE671C75147100833474 /* wave.app */ = {
			isa = PBXReferenceProxy;
			fileType = wrapper.application;
			path = wave.app;
			remoteRef = F35FBE661C75147100833474 /* PBXContainerItemProxy */;
			sourceTree = BUILT_PRODUCTS_DIR;
		};
		F35FBE691C75147100833474 /* monitors */ = {
			isa = PBXReferenceProxy;
			fileType = "compiled.mach-o.executable";
			path = monitors;
			remoteRef = F35FBE681C75147100833474 /* PBXContainerItemProxy */;
			sourceTree = BUILT_PRODUCTS_DIR;
		};
		F35FBE6B1C75147100833474 /* msaa */ = {
			isa = PBXReferenceProxy;
			fileType = "compiled.mach-o.executable";
			path = msaa;
			remoteRef = F35FBE6A1C75147100833474 /* PBXContainerItemProxy */;
			sourceTree = BUILT_PRODUCTS_DIR;
		};
		F3897C711DD04E93008D6C1D /* CommonGameKit.framework */ = {
			isa = PBXReferenceProxy;
			fileType = wrapper.framework;
			path = CommonGameKit.framework;
			remoteRef = F3897C701DD04E93008D6C1D /* PBXContainerItemProxy */;
			sourceTree = BUILT_PRODUCTS_DIR;
		};
		F3897C731DD04E93008D6C1D /* CommonGameKitTests.xctest */ = {
			isa = PBXReferenceProxy;
			fileType = wrapper.cfbundle;
			path = CommonGameKitTests.xctest;
			remoteRef = F3897C721DD04E93008D6C1D /* PBXContainerItemProxy */;
			sourceTree = BUILT_PRODUCTS_DIR;
		};
		F3F5D6BC1A56FBDC006D7F16 /* libglfw3.a */ = {
			isa = PBXReferenceProxy;
			fileType = archive.ar;
			path = libglfw3.a;
			remoteRef = F3F5D6BB1A56FBDC006D7F16 /* PBXContainerItemProxy */;
			sourceTree = BUILT_PRODUCTS_DIR;
		};
		F3F5D6CC1A56FBDC006D7F16 /* clipboard */ = {
			isa = PBXReferenceProxy;
			fileType = "compiled.mach-o.executable";
			path = clipboard;
			remoteRef = F3F5D6CB1A56FBDC006D7F16 /* PBXContainerItemProxy */;
			sourceTree = BUILT_PRODUCTS_DIR;
		};
		F3F5D6CE1A56FBDC006D7F16 /* cursor */ = {
			isa = PBXReferenceProxy;
			fileType = "compiled.mach-o.executable";
			path = cursor;
			remoteRef = F3F5D6CD1A56FBDC006D7F16 /* PBXContainerItemProxy */;
			sourceTree = BUILT_PRODUCTS_DIR;
		};
		F3F5D6D41A56FBDC006D7F16 /* empty.app */ = {
			isa = PBXReferenceProxy;
			fileType = wrapper.application;
			path = empty.app;
			remoteRef = F3F5D6D31A56FBDC006D7F16 /* PBXContainerItemProxy */;
			sourceTree = BUILT_PRODUCTS_DIR;
		};
		F3F5D6D61A56FBDC006D7F16 /* events */ = {
			isa = PBXReferenceProxy;
			fileType = "compiled.mach-o.executable";
			path = events;
			remoteRef = F3F5D6D51A56FBDC006D7F16 /* PBXContainerItemProxy */;
			sourceTree = BUILT_PRODUCTS_DIR;
		};
		F3F5D6DA1A56FBDC006D7F16 /* gamma */ = {
			isa = PBXReferenceProxy;
			fileType = "compiled.mach-o.executable";
			path = gamma;
			remoteRef = F3F5D6D91A56FBDC006D7F16 /* PBXContainerItemProxy */;
			sourceTree = BUILT_PRODUCTS_DIR;
		};
		F3F5D6DC1A56FBDC006D7F16 /* glfwinfo */ = {
			isa = PBXReferenceProxy;
			fileType = "compiled.mach-o.executable";
			path = glfwinfo;
			remoteRef = F3F5D6DB1A56FBDC006D7F16 /* PBXContainerItemProxy */;
			sourceTree = BUILT_PRODUCTS_DIR;
		};
		F3F5D6DE1A56FBDC006D7F16 /* iconify */ = {
			isa = PBXReferenceProxy;
			fileType = "compiled.mach-o.executable";
			path = iconify;
			remoteRef = F3F5D6DD1A56FBDC006D7F16 /* PBXContainerItemProxy */;
			sourceTree = BUILT_PRODUCTS_DIR;
		};
		F3F5D6E01A56FBDC006D7F16 /* joysticks */ = {
			isa = PBXReferenceProxy;
			fileType = "compiled.mach-o.executable";
			path = joysticks;
			remoteRef = F3F5D6DF1A56FBDC006D7F16 /* PBXContainerItemProxy */;
			sourceTree = BUILT_PRODUCTS_DIR;
		};
		F3F5D6E61A56FBDC006D7F16 /* reopen */ = {
			isa = PBXReferenceProxy;
			fileType = "compiled.mach-o.executable";
			path = reopen;
			remoteRef = F3F5D6E51A56FBDC006D7F16 /* PBXContainerItemProxy */;
			sourceTree = BUILT_PRODUCTS_DIR;
		};
		F3F5D6E81A56FBDC006D7F16 /* sharing.app */ = {
			isa = PBXReferenceProxy;
			fileType = wrapper.application;
			path = sharing.app;
			remoteRef = F3F5D6E71A56FBDC006D7F16 /* PBXContainerItemProxy */;
			sourceTree = BUILT_PRODUCTS_DIR;
		};
		F3F5D6EA1A56FBDC006D7F16 /* tearing.app */ = {
			isa = PBXReferenceProxy;
			fileType = wrapper.application;
			path = tearing.app;
			remoteRef = F3F5D6E91A56FBDC006D7F16 /* PBXContainerItemProxy */;
			sourceTree = BUILT_PRODUCTS_DIR;
		};
		F3F5D6EC1A56FBDC006D7F16 /* threads.app */ = {
			isa = PBXReferenceProxy;
			fileType = wrapper.application;
			path = threads.app;
			remoteRef = F3F5D6EB1A56FBDC006D7F16 /* PBXContainerItemProxy */;
			sourceTree = BUILT_PRODUCTS_DIR;
		};
		F3F5D6EE1A56FBDC006D7F16 /* title.app */ = {
			isa = PBXReferenceProxy;
			fileType = wrapper.application;
			path = title.app;
			remoteRef = F3F5D6ED1A56FBDC006D7F16 /* PBXContainerItemProxy */;
			sourceTree = BUILT_PRODUCTS_DIR;
		};
		F3F5D6F01A56FBDC006D7F16 /* windows.app */ = {
			isa = PBXReferenceProxy;
			fileType = wrapper.application;
			path = windows.app;
			remoteRef = F3F5D6EF1A56FBDC006D7F16 /* PBXContainerItemProxy */;
			sourceTree = BUILT_PRODUCTS_DIR;
		};
/* End PBXReferenceProxy section */

/* Begin PBXResourcesBuildPhase section */
		F3C401D41A56E52800095ECD /* Resources */ = {
			isa = PBXResourcesBuildPhase;
			buildActionMask = 2147483647;
			files = (
				F3F5D6381A56E8B4006D7F16 /* Images.xcassets in Resources */,
			);
			runOnlyForDeploymentPostprocessing = 0;
		};
		F3C401E71A56E52800095ECD /* Resources */ = {
			isa = PBXResourcesBuildPhase;
			buildActionMask = 2147483647;
			files = (
			);
			runOnlyForDeploymentPostprocessing = 0;
		};
/* End PBXResourcesBuildPhase section */

/* Begin PBXShellScriptBuildPhase section */
		F39E26721BFF6FD300DB0B71 /* Update DYLIB install names */ = {
			isa = PBXShellScriptBuildPhase;
			buildActionMask = 2147483647;
			files = (
			);
			inputPaths = (
			);
			name = "Update DYLIB install names";
			outputPaths = (
			);
			runOnlyForDeploymentPostprocessing = 0;
			shellPath = /bin/sh;
			shellScript = "#!/bin/bash\nEXECFILE=$BUILT_PRODUCTS_DIR/$EXECUTABLE_PATH\nLIBPATH=$BUILT_PRODUCTS_DIR/$FRAMEWORKS_FOLDER_PATH\nNEWLIBPATH=\"@executable_path/../Frameworks\"\n\nfor DYLIB in \"$LIBPATH\"/*.dylib; do\nTARGETID=$(otool -DX \"$DYLIB\")\nNEWTARGETID=\"$NEWLIBPATH/$(basename \"$DYLIB\")\"\ninstall_name_tool -change \"$TARGETID\" \"$NEWTARGETID\" \"$EXECFILE\"\ndone";
		};
/* End PBXShellScriptBuildPhase section */

/* Begin PBXSourcesBuildPhase section */
		F3C401D21A56E52800095ECD /* Sources */ = {
			isa = PBXSourcesBuildPhase;
			buildActionMask = 2147483647;
			files = (
				F3BD177C1C00DB5600B3849E /* ExpressionSetup.c in Sources */,
				F3F5D6811A56F4A9006D7F16 /* main.c in Sources */,
				F3BD17BD1C02B67900B3849E /* Project.c in Sources */,
				F3F5D6971A56F73E006D7F16 /* tinycthread.c in Sources */,
				F37699781C10262400F24A44 /* ProjectExpressions.c in Sources */,
				F3F6C4791A599A2300B9D6BA /* PlatformSetup_mac.m in Sources */,
				F35CD6F11B3EB8130032E3A7 /* EngineSetup.c in Sources */,
				F3BD17851C00FDC200B3849E /* Configuration.c in Sources */,
			);
			runOnlyForDeploymentPostprocessing = 0;
		};
		F3C401E51A56E52800095ECD /* Sources */ = {
			isa = PBXSourcesBuildPhase;
			buildActionMask = 2147483647;
			files = (
				F3C222171C4AF6FD004ADC76 /* ExpressionProjectTests.m in Sources */,
			);
			runOnlyForDeploymentPostprocessing = 0;
		};
/* End PBXSourcesBuildPhase section */

/* Begin PBXTargetDependency section */
		F3897CAD1DD04F18008D6C1D /* PBXTargetDependency */ = {
			isa = PBXTargetDependency;
			name = CommonGameKit;
			targetProxy = F3897CAC1DD04F18008D6C1D /* PBXContainerItemProxy */;
		};
		F3C401EB1A56E52800095ECD /* PBXTargetDependency */ = {
			isa = PBXTargetDependency;
			target = F3C401D51A56E52800095ECD /* Blob Game */;
			targetProxy = F3C401EA1A56E52800095ECD /* PBXContainerItemProxy */;
		};
/* End PBXTargetDependency section */

/* Begin XCBuildConfiguration section */
		F3C401F11A56E52800095ECD /* Debug */ = {
			isa = XCBuildConfiguration;
			buildSettings = {
				ALWAYS_SEARCH_USER_PATHS = NO;
				CLANG_CXX_LANGUAGE_STANDARD = "gnu++0x";
				CLANG_CXX_LIBRARY = "libc++";
				CLANG_ENABLE_MODULES = YES;
				CLANG_ENABLE_OBJC_ARC = YES;
				CLANG_WARN_BOOL_CONVERSION = YES;
				CLANG_WARN_CONSTANT_CONVERSION = YES;
				CLANG_WARN_DIRECT_OBJC_ISA_USAGE = YES_ERROR;
				CLANG_WARN_EMPTY_BODY = YES;
				CLANG_WARN_ENUM_CONVERSION = YES;
				CLANG_WARN_INT_CONVERSION = YES;
				CLANG_WARN_OBJC_ROOT_CLASS = YES_ERROR;
				CLANG_WARN_UNREACHABLE_CODE = YES;
				CLANG_WARN__DUPLICATE_METHOD_MATCH = YES;
				CODE_SIGN_IDENTITY = "-";
				COPY_PHASE_STRIP = NO;
				ENABLE_STRICT_OBJC_MSGSEND = YES;
				ENABLE_TESTABILITY = YES;
				GCC_C_LANGUAGE_STANDARD = gnu99;
				GCC_DYNAMIC_NO_PIC = NO;
				GCC_OPTIMIZATION_LEVEL = 0;
				GCC_PREPROCESSOR_DEFINITIONS = (
					"DEBUG=1",
					"$(inherited)",
				);
				GCC_SYMBOLS_PRIVATE_EXTERN = NO;
				GCC_WARN_64_TO_32_BIT_CONVERSION = YES;
				GCC_WARN_ABOUT_RETURN_TYPE = YES_ERROR;
				GCC_WARN_UNDECLARED_SELECTOR = YES;
				GCC_WARN_UNINITIALIZED_AUTOS = YES_AGGRESSIVE;
				GCC_WARN_UNUSED_FUNCTION = YES;
				GCC_WARN_UNUSED_VARIABLE = YES;
				MACOSX_DEPLOYMENT_TARGET = 10.9;
				MTL_ENABLE_DEBUG_INFO = YES;
				ONLY_ACTIVE_ARCH = YES;
				SDKROOT = macosx;
			};
			name = Debug;
		};
		F3C401F21A56E52800095ECD /* Release */ = {
			isa = XCBuildConfiguration;
			buildSettings = {
				ALWAYS_SEARCH_USER_PATHS = NO;
				CLANG_CXX_LANGUAGE_STANDARD = "gnu++0x";
				CLANG_CXX_LIBRARY = "libc++";
				CLANG_ENABLE_MODULES = YES;
				CLANG_ENABLE_OBJC_ARC = YES;
				CLANG_WARN_BOOL_CONVERSION = YES;
				CLANG_WARN_CONSTANT_CONVERSION = YES;
				CLANG_WARN_DIRECT_OBJC_ISA_USAGE = YES_ERROR;
				CLANG_WARN_EMPTY_BODY = YES;
				CLANG_WARN_ENUM_CONVERSION = YES;
				CLANG_WARN_INT_CONVERSION = YES;
				CLANG_WARN_OBJC_ROOT_CLASS = YES_ERROR;
				CLANG_WARN_UNREACHABLE_CODE = YES;
				CLANG_WARN__DUPLICATE_METHOD_MATCH = YES;
				CODE_SIGN_IDENTITY = "-";
				COPY_PHASE_STRIP = YES;
				DEBUG_INFORMATION_FORMAT = "dwarf-with-dsym";
				ENABLE_NS_ASSERTIONS = NO;
				ENABLE_STRICT_OBJC_MSGSEND = YES;
				GCC_C_LANGUAGE_STANDARD = gnu99;
				GCC_WARN_64_TO_32_BIT_CONVERSION = YES;
				GCC_WARN_ABOUT_RETURN_TYPE = YES_ERROR;
				GCC_WARN_UNDECLARED_SELECTOR = YES;
				GCC_WARN_UNINITIALIZED_AUTOS = YES_AGGRESSIVE;
				GCC_WARN_UNUSED_FUNCTION = YES;
				GCC_WARN_UNUSED_VARIABLE = YES;
				MACOSX_DEPLOYMENT_TARGET = 10.9;
				MTL_ENABLE_DEBUG_INFO = NO;
				SDKROOT = macosx;
			};
			name = Release;
		};
		F3C401F41A56E52800095ECD /* Debug */ = {
			isa = XCBuildConfiguration;
			buildSettings = {
				ALWAYS_SEARCH_USER_PATHS = YES;
				ASSETCATALOG_COMPILER_APPICON_NAME = AppIcon;
				COMBINE_HIDPI_IMAGES = YES;
				FRAMEWORK_SEARCH_PATHS = (
					"$(inherited)",
					"$(USER_LIBRARY_DIR)/Developer/Xcode/DerivedData/Blob_Game-ftdhpyeuunmhwldillzwkfrvitku/Build/Products/Debug",
				);
				GCC_OPTIMIZATION_LEVEL = 0;
				INFOPLIST_FILE = "$(SRCROOT)/src/mac/Info.plist";
				LD_RUNPATH_SEARCH_PATHS = "$(inherited) @executable_path/../Frameworks";
				LIBRARY_SEARCH_PATHS = (
					"$(inherited)",
					"$(PROJECT_DIR)/deps/chibi-scheme/build/lib",
				);
				MACOSX_DEPLOYMENT_TARGET = 10.10;
				PRODUCT_BUNDLE_IDENTIFIER = "me.$(PRODUCT_NAME:rfc1034identifier)";
				PRODUCT_NAME = "$(TARGET_NAME)";
				USER_HEADER_SEARCH_PATHS = "$PROJECT_DIR/deps/stdatomic $PROJECT_DIR/deps/tinycthread/source $PROJECT_DIR/deps/glfw/include $PROJECT_DIR/deps/Chipmunk2D/include $PROJECT_DIR/deps/libpng";
				WARNING_CFLAGS = "-Wno-ambiguous-macro";
			};
			name = Debug;
		};
		F3C401F51A56E52800095ECD /* Release */ = {
			isa = XCBuildConfiguration;
			buildSettings = {
				ALWAYS_SEARCH_USER_PATHS = YES;
				ASSETCATALOG_COMPILER_APPICON_NAME = AppIcon;
				COMBINE_HIDPI_IMAGES = YES;
				FRAMEWORK_SEARCH_PATHS = (
					"$(inherited)",
					"$(USER_LIBRARY_DIR)/Developer/Xcode/DerivedData/Blob_Game-ftdhpyeuunmhwldillzwkfrvitku/Build/Products/Debug",
				);
				GCC_OPTIMIZATION_LEVEL = fast;
				INFOPLIST_FILE = "$(SRCROOT)/src/mac/Info.plist";
				LD_RUNPATH_SEARCH_PATHS = "$(inherited) @executable_path/../Frameworks";
				LIBRARY_SEARCH_PATHS = (
					"$(inherited)",
					"$(PROJECT_DIR)/deps/chibi-scheme/build/lib",
				);
				MACOSX_DEPLOYMENT_TARGET = 10.10;
				PRODUCT_BUNDLE_IDENTIFIER = "me.$(PRODUCT_NAME:rfc1034identifier)";
				PRODUCT_NAME = "$(TARGET_NAME)";
				USER_HEADER_SEARCH_PATHS = "$PROJECT_DIR/deps/stdatomic $PROJECT_DIR/deps/tinycthread/source $PROJECT_DIR/deps/glfw/include $PROJECT_DIR/deps/Chipmunk2D/include $PROJECT_DIR/deps/libpng";
				WARNING_CFLAGS = "-Wno-ambiguous-macro";
			};
			name = Release;
		};
		F3C401F71A56E52800095ECD /* Debug */ = {
			isa = XCBuildConfiguration;
			buildSettings = {
				ALWAYS_SEARCH_USER_PATHS = YES;
				BUNDLE_LOADER = "$(TEST_HOST)";
				COMBINE_HIDPI_IMAGES = YES;
				FRAMEWORK_SEARCH_PATHS = (
					"$(DEVELOPER_FRAMEWORKS_DIR)",
					"$(inherited)",
					"$(USER_LIBRARY_DIR)/Developer/Xcode/DerivedData/Blob_Game-ftdhpyeuunmhwldillzwkfrvitku/Build/Products/Debug",
				);
				GCC_PREPROCESSOR_DEFINITIONS = "$(inherited)";
				INFOPLIST_FILE = "Blob GameTests/Info.plist";
				LD_RUNPATH_SEARCH_PATHS = "$(inherited) @executable_path/../Frameworks @loader_path/../Frameworks";
				PRODUCT_BUNDLE_IDENTIFIER = "me.$(PRODUCT_NAME:rfc1034identifier)";
				PRODUCT_NAME = "$(TARGET_NAME)";
				TEST_HOST = "$(BUILT_PRODUCTS_DIR)/Blob Game.app/Contents/MacOS/Blob Game";
				USER_HEADER_SEARCH_PATHS = $PROJECT_DIR/deps/glfw/include;
				WARNING_CFLAGS = "-Wno-ambiguous-macro";
			};
			name = Debug;
		};
		F3C401F81A56E52800095ECD /* Release */ = {
			isa = XCBuildConfiguration;
			buildSettings = {
				ALWAYS_SEARCH_USER_PATHS = YES;
				BUNDLE_LOADER = "$(TEST_HOST)";
				COMBINE_HIDPI_IMAGES = YES;
				FRAMEWORK_SEARCH_PATHS = (
					"$(DEVELOPER_FRAMEWORKS_DIR)",
					"$(inherited)",
					"$(USER_LIBRARY_DIR)/Developer/Xcode/DerivedData/Blob_Game-ftdhpyeuunmhwldillzwkfrvitku/Build/Products/Debug",
				);
				GCC_PREPROCESSOR_DEFINITIONS = "";
				INFOPLIST_FILE = "Blob GameTests/Info.plist";
				LD_RUNPATH_SEARCH_PATHS = "$(inherited) @executable_path/../Frameworks @loader_path/../Frameworks";
				PRODUCT_BUNDLE_IDENTIFIER = "me.$(PRODUCT_NAME:rfc1034identifier)";
				PRODUCT_NAME = "$(TARGET_NAME)";
				TEST_HOST = "$(BUILT_PRODUCTS_DIR)/Blob Game.app/Contents/MacOS/Blob Game";
				USER_HEADER_SEARCH_PATHS = $PROJECT_DIR/deps/glfw/include;
				WARNING_CFLAGS = "-Wno-ambiguous-macro";
			};
			name = Release;
		};
/* End XCBuildConfiguration section */

/* Begin XCConfigurationList section */
		F3C401D11A56E52800095ECD /* Build configuration list for PBXProject "Blob Game" */ = {
			isa = XCConfigurationList;
			buildConfigurations = (
				F3C401F11A56E52800095ECD /* Debug */,
				F3C401F21A56E52800095ECD /* Release */,
			);
			defaultConfigurationIsVisible = 0;
			defaultConfigurationName = Release;
		};
		F3C401F31A56E52800095ECD /* Build configuration list for PBXNativeTarget "Blob Game" */ = {
			isa = XCConfigurationList;
			buildConfigurations = (
				F3C401F41A56E52800095ECD /* Debug */,
				F3C401F51A56E52800095ECD /* Release */,
			);
			defaultConfigurationIsVisible = 0;
			defaultConfigurationName = Release;
		};
		F3C401F61A56E52800095ECD /* Build configuration list for PBXNativeTarget "Blob GameTests" */ = {
			isa = XCConfigurationList;
			buildConfigurations = (
				F3C401F71A56E52800095ECD /* Debug */,
				F3C401F81A56E52800095ECD /* Release */,
			);
			defaultConfigurationIsVisible = 0;
			defaultConfigurationName = Release;
		};
/* End XCConfigurationList section */
	};
	rootObject = F3C401CE1A56E52800095ECD /* Project object */;
}
